
Microsoft Visual Studio Solution File, Format Version 12.00
# Visual Studio Version 17
VisualStudioVersion = 17.10.34928.147
MinimumVisualStudioVersion = 10.0.40219.1
Project("{9A19103F-16F7-4668-BE54-9A1E7A4F7556}") = "ice cast win", "ice cast win\ice cast win.csproj", "{DDA19E1D-0E55-4DB9-8D9B-18C1EC431C3F}"
EndProject
Project("{2150E333-8FDC-42A3-9474-1A3956D46DE8}") = "Itens de Solução", "Itens de Solução", "{344E385B-707A-4E04-B6DA-155BE4C9ED9A}"
	ProjectSection(SolutionItems) = preProject
		CustomListBox.cs = CustomListBox.cs
		NativeMethods.cs = NativeMethods.cs
	EndProjectSection
EndProject
Project("{2150E333-8FDC-42A3-9474-1A3956D46DE8}") = "Resource", "Resource", "{99764FD4-3AB5-4D34-A781-F239857D04C9}"
EndProject
Global
	GlobalSection(SolutionConfigurationPlatforms) = preSolution
		Debug|Any CPU = Debug|Any CPU
		Release|Any CPU = Release|Any CPU
	EndGlobalSection
	GlobalSection(ProjectConfigurationPlatforms) = postSolution
		{DDA19E1D-0E55-4DB9-8D9B-18C1EC431C3F}.Debug|Any CPU.ActiveCfg = Debug|Any CPU
		{DDA19E1D-0E55-4DB9-8D9B-18C1EC431C3F}.Debug|Any CPU.Build.0 = Debug|Any CPU
		{DDA19E1D-0E55-4DB9-8D9B-18C1EC431C3F}.Release|Any CPU.ActiveCfg = Release|Any CPU
		{DDA19E1D-0E55-4DB9-8D9B-18C1EC431C3F}.Release|Any CPU.Build.0 = Release|Any CPU
	EndGlobalSection
	GlobalSection(SolutionProperties) = preSolution
		HideSolutionNode = FALSE
	EndGlobalSection
	GlobalSection(NestedProjects) = preSolution
		{99764FD4-3AB5-4D34-A781-F239857D04C9} = {344E385B-707A-4E04-B6DA-155BE4C9ED9A}
	EndGlobalSection
	GlobalSection(ExtensibilityGlobals) = postSolution
		SolutionGuid = {6FE07F7D-3C30-4A58-A056-6E1026239E8A}
	EndGlobalSection
EndGlobal
